
Microsoft Visual Studio Solution File, Format Version 12.00
# Visual Studio Version 17
VisualStudioVersion = 17.13.35825.156
MinimumVisualStudioVersion = 10.0.40219.1
Project("{FAE04EC0-301F-11D3-BF4B-00C04F79EFBC}") = "LibraryDV", "LibraryDV\LibraryDV.csproj", "{D693A586-DFEF-4878-BC33-7B6B8CD78357}"
EndProject
Project("{FAE04EC0-301F-11D3-BF4B-00C04F79EFBC}") = "ConsoleAppTest", "ConsoleAppTest\ConsoleAppTest.csproj", "{5C2C2E86-02A8-4B07-8926-AB1D09C52FCE}"
EndProject
Global
	GlobalSection(SolutionConfigurationPlatforms) = preSolution
		Debug|Any CPU = Debug|Any CPU
		Release|Any CPU = Release|Any CPU
	EndGlobalSection
	GlobalSection(ProjectConfigurationPlatforms) = postSolution
		{D693A586-DFEF-4878-BC33-7B6B8CD78357}.Debug|Any CPU.ActiveCfg = Debug|Any CPU
		{D693A586-DFEF-4878-BC33-7B6B8CD78357}.Debug|Any CPU.Build.0 = Debug|Any CPU
		{D693A586-DFEF-4878-BC33-7B6B8CD78357}.Release|Any CPU.ActiveCfg = Release|Any CPU
		{D693A586-DFEF-4878-BC33-7B6B8CD78357}.Release|Any CPU.Build.0 = Release|Any CPU
		{5C2C2E86-02A8-4B07-8926-AB1D09C52FCE}.Debug|Any CPU.ActiveCfg = Debug|Any CPU
		{5C2C2E86-02A8-4B07-8926-AB1D09C52FCE}.Debug|Any CPU.Build.0 = Debug|Any CPU
		{5C2C2E86-02A8-4B07-8926-AB1D09C52FCE}.Release|Any CPU.ActiveCfg = Release|Any CPU
		{5C2C2E86-02A8-4B07-8926-AB1D09C52FCE}.Release|Any CPU.Build.0 = Release|Any CPU
	EndGlobalSection
	GlobalSection(SolutionProperties) = preSolution
		HideSolutionNode = FALSE
	EndGlobalSection
	GlobalSection(ExtensibilityGlobals) = postSolution
		SolutionGuid = {BA00DCED-AFA9-4ADD-9F0B-1703744EFF37}
	EndGlobalSection
EndGlobal
